
Microsoft Visual Studio Solution File, Format Version 12.00
# Visual Studio 15
VisualStudioVersion = 15.0.27703.2000
MinimumVisualStudioVersion = 10.0.40219.1
Project("{FAE04EC0-301F-11D3-BF4B-00C04F79EFBC}") = "Drills", "Drills\Drills.csproj", "{BF0396A6-0B7E-4242-B8C9-73B0B688A6CC}"
EndProject
Project("{FAE04EC0-301F-11D3-BF4B-00C04F79EFBC}") = "Drills_2", "Drills_2\Drills_2.csproj", "{50402AC7-B491-457F-A160-C83A18F9A929}"
EndProject
Project("{FAE04EC0-301F-11D3-BF4B-00C04F79EFBC}") = "WhileDoWhile", "WhileDoWhile\WhileDoWhile.csproj", "{6236571B-07BB-45B6-8611-BA767A6761B9}"
EndProject
Project("{FAE04EC0-301F-11D3-BF4B-00C04F79EFBC}") = "FunWithStrings", "FunWithStrings\FunWithStrings.csproj", "{13A3FEBE-D260-4D12-9F01-B8DD22B543B0}"
EndProject
Project("{FAE04EC0-301F-11D3-BF4B-00C04F79EFBC}") = "ArraysAndLists", "ArraysAndLists\ArraysAndLists.csproj", "{8484D7DE-365B-4383-92A3-FDF0360BD0A1}"
EndProject
Project("{FAE04EC0-301F-11D3-BF4B-00C04F79EFBC}") = "Iteration", "Iteration\Iteration.csproj", "{73F29E57-5E45-4FBD-BD15-73E960F5DDDF}"
EndProject
Project("{FAE04EC0-301F-11D3-BF4B-00C04F79EFBC}") = "ExceptionHandling", "ExceptionHandling\ExceptionHandling.csproj", "{B1D13832-1A69-4DAB-B2F7-EE0A91E59E36}"
EndProject
Project("{FAE04EC0-301F-11D3-BF4B-00C04F79EFBC}") = "ByFives", "ByFives\ByFives.csproj", "{32FA798A-CF97-48A4-929C-30488E5AD9D0}"
EndProject
Project("{FAE04EC0-301F-11D3-BF4B-00C04F79EFBC}") = "Overload", "Overload\Overload.csproj", "{3FF6340F-6017-465D-9A70-A5B210127A9B}"
EndProject
Project("{FAE04EC0-301F-11D3-BF4B-00C04F79EFBC}") = "OptionalParameters", "OptionalParameters\OptionalParameters.csproj", "{C7C6FBD9-889C-491C-B521-5492E0C5B9A2}"
EndProject
Project("{FAE04EC0-301F-11D3-BF4B-00C04F79EFBC}") = "NamedParameters", "NamedParameters\NamedParameters.csproj", "{18C3A470-5DB1-4468-AD86-E6565D042BA1}"
EndProject
Project("{FAE04EC0-301F-11D3-BF4B-00C04F79EFBC}") = "OutputsAndOverloads", "OutputsAndOverloads\OutputsAndOverloads.csproj", "{05319A64-260A-414C-9AB9-8B637AA2695B}"
EndProject
Project("{FAE04EC0-301F-11D3-BF4B-00C04F79EFBC}") = "Inheritance", "Inheritance\Inheritance.csproj", "{5DB0137C-ED70-41C7-AD3E-BCF6C4A084FC}"
EndProject
Project("{FAE04EC0-301F-11D3-BF4B-00C04F79EFBC}") = "DaysOfTheWeek", "DaysOfTheWeek\DaysOfTheWeek.csproj", "{251C39EF-A389-4984-86F9-6FAAAEEA124B}"
EndProject
Project("{FAE04EC0-301F-11D3-BF4B-00C04F79EFBC}") = "WhiteBoard_060118", "WhiteBoard_060118\WhiteBoard_060118.csproj", "{B0B24FD1-2A33-40E4-A127-265FB0C1DDE8}"
EndProject
Project("{FAE04EC0-301F-11D3-BF4B-00C04F79EFBC}") = "Struct", "Struct\Struct.csproj", "{5868C64E-A300-431A-A990-2D32BDAB7822}"
EndProject
Project("{FAE04EC0-301F-11D3-BF4B-00C04F79EFBC}") = "Lambda", "Lambda\Lambda.csproj", "{7C8E2FCA-6A2F-458E-A99E-4A8F7F69607D}"
EndProject
Project("{FAE04EC0-301F-11D3-BF4B-00C04F79EFBC}") = "FileIO", "FileIO\FileIO.csproj", "{CB29EA91-9DA8-4846-96E7-325D1963FF7D}"
EndProject
Project("{FAE04EC0-301F-11D3-BF4B-00C04F79EFBC}") = "DateTime", "DateTime\DateTime.csproj", "{35EA9C08-544A-4F7F-82B5-51363D40B2DD}"
EndProject
Project("{FAE04EC0-301F-11D3-BF4B-00C04F79EFBC}") = "AdditionalFeatures", "AdditionalFeatures\AdditionalFeatures.csproj", "{ED8055DB-067B-4D9E-9907-EA562D911649}"
EndProject
Project("{FAE04EC0-301F-11D3-BF4B-00C04F79EFBC}") = "MoreExceptionHandling", "MoreExceptionHandling\MoreExceptionHandling.csproj", "{FEA9B336-2654-4DFC-B59F-2D59DF61A537}"
EndProject
Global
	GlobalSection(SolutionConfigurationPlatforms) = preSolution
		Debug|Any CPU = Debug|Any CPU
		Release|Any CPU = Release|Any CPU
	EndGlobalSection
	GlobalSection(ProjectConfigurationPlatforms) = postSolution
		{BF0396A6-0B7E-4242-B8C9-73B0B688A6CC}.Debug|Any CPU.ActiveCfg = Debug|Any CPU
		{BF0396A6-0B7E-4242-B8C9-73B0B688A6CC}.Debug|Any CPU.Build.0 = Debug|Any CPU
		{BF0396A6-0B7E-4242-B8C9-73B0B688A6CC}.Release|Any CPU.ActiveCfg = Release|Any CPU
		{BF0396A6-0B7E-4242-B8C9-73B0B688A6CC}.Release|Any CPU.Build.0 = Release|Any CPU
		{50402AC7-B491-457F-A160-C83A18F9A929}.Debug|Any CPU.ActiveCfg = Debug|Any CPU
		{50402AC7-B491-457F-A160-C83A18F9A929}.Debug|Any CPU.Build.0 = Debug|Any CPU
		{50402AC7-B491-457F-A160-C83A18F9A929}.Release|Any CPU.ActiveCfg = Release|Any CPU
		{50402AC7-B491-457F-A160-C83A18F9A929}.Release|Any CPU.Build.0 = Release|Any CPU
		{6236571B-07BB-45B6-8611-BA767A6761B9}.Debug|Any CPU.ActiveCfg = Debug|Any CPU
		{6236571B-07BB-45B6-8611-BA767A6761B9}.Debug|Any CPU.Build.0 = Debug|Any CPU
		{6236571B-07BB-45B6-8611-BA767A6761B9}.Release|Any CPU.ActiveCfg = Release|Any CPU
		{6236571B-07BB-45B6-8611-BA767A6761B9}.Release|Any CPU.Build.0 = Release|Any CPU
		{13A3FEBE-D260-4D12-9F01-B8DD22B543B0}.Debug|Any CPU.ActiveCfg = Debug|Any CPU
		{13A3FEBE-D260-4D12-9F01-B8DD22B543B0}.Debug|Any CPU.Build.0 = Debug|Any CPU
		{13A3FEBE-D260-4D12-9F01-B8DD22B543B0}.Release|Any CPU.ActiveCfg = Release|Any CPU
		{13A3FEBE-D260-4D12-9F01-B8DD22B543B0}.Release|Any CPU.Build.0 = Release|Any CPU
		{8484D7DE-365B-4383-92A3-FDF0360BD0A1}.Debug|Any CPU.ActiveCfg = Debug|Any CPU
		{8484D7DE-365B-4383-92A3-FDF0360BD0A1}.Debug|Any CPU.Build.0 = Debug|Any CPU
		{8484D7DE-365B-4383-92A3-FDF0360BD0A1}.Release|Any CPU.ActiveCfg = Release|Any CPU
		{8484D7DE-365B-4383-92A3-FDF0360BD0A1}.Release|Any CPU.Build.0 = Release|Any CPU
		{73F29E57-5E45-4FBD-BD15-73E960F5DDDF}.Debug|Any CPU.ActiveCfg = Debug|Any CPU
		{73F29E57-5E45-4FBD-BD15-73E960F5DDDF}.Debug|Any CPU.Build.0 = Debug|Any CPU
		{73F29E57-5E45-4FBD-BD15-73E960F5DDDF}.Release|Any CPU.ActiveCfg = Release|Any CPU
		{73F29E57-5E45-4FBD-BD15-73E960F5DDDF}.Release|Any CPU.Build.0 = Release|Any CPU
		{B1D13832-1A69-4DAB-B2F7-EE0A91E59E36}.Debug|Any CPU.ActiveCfg = Debug|Any CPU
		{B1D13832-1A69-4DAB-B2F7-EE0A91E59E36}.Debug|Any CPU.Build.0 = Debug|Any CPU
		{B1D13832-1A69-4DAB-B2F7-EE0A91E59E36}.Release|Any CPU.ActiveCfg = Release|Any CPU
		{B1D13832-1A69-4DAB-B2F7-EE0A91E59E36}.Release|Any CPU.Build.0 = Release|Any CPU
		{32FA798A-CF97-48A4-929C-30488E5AD9D0}.Debug|Any CPU.ActiveCfg = Debug|Any CPU
		{32FA798A-CF97-48A4-929C-30488E5AD9D0}.Debug|Any CPU.Build.0 = Debug|Any CPU
		{32FA798A-CF97-48A4-929C-30488E5AD9D0}.Release|Any CPU.ActiveCfg = Release|Any CPU
		{32FA798A-CF97-48A4-929C-30488E5AD9D0}.Release|Any CPU.Build.0 = Release|Any CPU
		{3FF6340F-6017-465D-9A70-A5B210127A9B}.Debug|Any CPU.ActiveCfg = Debug|Any CPU
		{3FF6340F-6017-465D-9A70-A5B210127A9B}.Debug|Any CPU.Build.0 = Debug|Any CPU
		{3FF6340F-6017-465D-9A70-A5B210127A9B}.Release|Any CPU.ActiveCfg = Release|Any CPU
		{3FF6340F-6017-465D-9A70-A5B210127A9B}.Release|Any CPU.Build.0 = Release|Any CPU
		{C7C6FBD9-889C-491C-B521-5492E0C5B9A2}.Debug|Any CPU.ActiveCfg = Debug|Any CPU
		{C7C6FBD9-889C-491C-B521-5492E0C5B9A2}.Debug|Any CPU.Build.0 = Debug|Any CPU
		{C7C6FBD9-889C-491C-B521-5492E0C5B9A2}.Release|Any CPU.ActiveCfg = Release|Any CPU
		{C7C6FBD9-889C-491C-B521-5492E0C5B9A2}.Release|Any CPU.Build.0 = Release|Any CPU
		{18C3A470-5DB1-4468-AD86-E6565D042BA1}.Debug|Any CPU.ActiveCfg = Debug|Any CPU
		{18C3A470-5DB1-4468-AD86-E6565D042BA1}.Debug|Any CPU.Build.0 = Debug|Any CPU
		{18C3A470-5DB1-4468-AD86-E6565D042BA1}.Release|Any CPU.ActiveCfg = Release|Any CPU
		{18C3A470-5DB1-4468-AD86-E6565D042BA1}.Release|Any CPU.Build.0 = Release|Any CPU
		{05319A64-260A-414C-9AB9-8B637AA2695B}.Debug|Any CPU.ActiveCfg = Debug|Any CPU
		{05319A64-260A-414C-9AB9-8B637AA2695B}.Debug|Any CPU.Build.0 = Debug|Any CPU
		{05319A64-260A-414C-9AB9-8B637AA2695B}.Release|Any CPU.ActiveCfg = Release|Any CPU
		{05319A64-260A-414C-9AB9-8B637AA2695B}.Release|Any CPU.Build.0 = Release|Any CPU
		{5DB0137C-ED70-41C7-AD3E-BCF6C4A084FC}.Debug|Any CPU.ActiveCfg = Debug|Any CPU
		{5DB0137C-ED70-41C7-AD3E-BCF6C4A084FC}.Debug|Any CPU.Build.0 = Debug|Any CPU
		{5DB0137C-ED70-41C7-AD3E-BCF6C4A084FC}.Release|Any CPU.ActiveCfg = Release|Any CPU
		{5DB0137C-ED70-41C7-AD3E-BCF6C4A084FC}.Release|Any CPU.Build.0 = Release|Any CPU
		{251C39EF-A389-4984-86F9-6FAAAEEA124B}.Debug|Any CPU.ActiveCfg = Debug|Any CPU
		{251C39EF-A389-4984-86F9-6FAAAEEA124B}.Debug|Any CPU.Build.0 = Debug|Any CPU
		{251C39EF-A389-4984-86F9-6FAAAEEA124B}.Release|Any CPU.ActiveCfg = Release|Any CPU
		{251C39EF-A389-4984-86F9-6FAAAEEA124B}.Release|Any CPU.Build.0 = Release|Any CPU
		{B0B24FD1-2A33-40E4-A127-265FB0C1DDE8}.Debug|Any CPU.ActiveCfg = Debug|Any CPU
		{B0B24FD1-2A33-40E4-A127-265FB0C1DDE8}.Debug|Any CPU.Build.0 = Debug|Any CPU
		{B0B24FD1-2A33-40E4-A127-265FB0C1DDE8}.Release|Any CPU.ActiveCfg = Release|Any CPU
		{B0B24FD1-2A33-40E4-A127-265FB0C1DDE8}.Release|Any CPU.Build.0 = Release|Any CPU
		{5868C64E-A300-431A-A990-2D32BDAB7822}.Debug|Any CPU.ActiveCfg = Debug|Any CPU
		{5868C64E-A300-431A-A990-2D32BDAB7822}.Debug|Any CPU.Build.0 = Debug|Any CPU
		{5868C64E-A300-431A-A990-2D32BDAB7822}.Release|Any CPU.ActiveCfg = Release|Any CPU
		{5868C64E-A300-431A-A990-2D32BDAB7822}.Release|Any CPU.Build.0 = Release|Any CPU
		{7C8E2FCA-6A2F-458E-A99E-4A8F7F69607D}.Debug|Any CPU.ActiveCfg = Debug|Any CPU
		{7C8E2FCA-6A2F-458E-A99E-4A8F7F69607D}.Debug|Any CPU.Build.0 = Debug|Any CPU
		{7C8E2FCA-6A2F-458E-A99E-4A8F7F69607D}.Release|Any CPU.ActiveCfg = Release|Any CPU
		{7C8E2FCA-6A2F-458E-A99E-4A8F7F69607D}.Release|Any CPU.Build.0 = Release|Any CPU
		{CB29EA91-9DA8-4846-96E7-325D1963FF7D}.Debug|Any CPU.ActiveCfg = Debug|Any CPU
		{CB29EA91-9DA8-4846-96E7-325D1963FF7D}.Debug|Any CPU.Build.0 = Debug|Any CPU
		{CB29EA91-9DA8-4846-96E7-325D1963FF7D}.Release|Any CPU.ActiveCfg = Release|Any CPU
		{CB29EA91-9DA8-4846-96E7-325D1963FF7D}.Release|Any CPU.Build.0 = Release|Any CPU
		{35EA9C08-544A-4F7F-82B5-51363D40B2DD}.Debug|Any CPU.ActiveCfg = Debug|Any CPU
		{35EA9C08-544A-4F7F-82B5-51363D40B2DD}.Debug|Any CPU.Build.0 = Debug|Any CPU
		{35EA9C08-544A-4F7F-82B5-51363D40B2DD}.Release|Any CPU.ActiveCfg = Release|Any CPU
		{35EA9C08-544A-4F7F-82B5-51363D40B2DD}.Release|Any CPU.Build.0 = Release|Any CPU
		{ED8055DB-067B-4D9E-9907-EA562D911649}.Debug|Any CPU.ActiveCfg = Debug|Any CPU
		{ED8055DB-067B-4D9E-9907-EA562D911649}.Debug|Any CPU.Build.0 = Debug|Any CPU
		{ED8055DB-067B-4D9E-9907-EA562D911649}.Release|Any CPU.ActiveCfg = Release|Any CPU
		{ED8055DB-067B-4D9E-9907-EA562D911649}.Release|Any CPU.Build.0 = Release|Any CPU
		{FEA9B336-2654-4DFC-B59F-2D59DF61A537}.Debug|Any CPU.ActiveCfg = Debug|Any CPU
		{FEA9B336-2654-4DFC-B59F-2D59DF61A537}.Debug|Any CPU.Build.0 = Debug|Any CPU
		{FEA9B336-2654-4DFC-B59F-2D59DF61A537}.Release|Any CPU.ActiveCfg = Release|Any CPU
		{FEA9B336-2654-4DFC-B59F-2D59DF61A537}.Release|Any CPU.Build.0 = Release|Any CPU
	EndGlobalSection
	GlobalSection(SolutionProperties) = preSolution
		HideSolutionNode = FALSE
	EndGlobalSection
	GlobalSection(ExtensibilityGlobals) = postSolution
		SolutionGuid = {0C6B5168-9111-4B21-941A-5DFBB027D83E}
	EndGlobalSection
EndGlobal
